// !$*UTF8*$!
{
	archiveVersion = 1;
	classes = {
	};
	objectVersion = 46;
	objects = {

/* Begin PBXBuildFile section */
		5E550A4C1D0B068300416FDB /* AppDelegate.swift in Sources */ = {isa = PBXBuildFile; fileRef = 5E550A4B1D0B068300416FDB /* AppDelegate.swift */; };
		5E550A4E1D0B068300416FDB /* MemeMeEditorViewController.swift in Sources */ = {isa = PBXBuildFile; fileRef = 5E550A4D1D0B068300416FDB /* MemeMeEditorViewController.swift */; };
		5E550A511D0B068300416FDB /* Main.storyboard in Resources */ = {isa = PBXBuildFile; fileRef = 5E550A4F1D0B068300416FDB /* Main.storyboard */; };
		5E550A531D0B068300416FDB /* Assets.xcassets in Resources */ = {isa = PBXBuildFile; fileRef = 5E550A521D0B068300416FDB /* Assets.xcassets */; };
		5E550A561D0B068300416FDB /* LaunchScreen.storyboard in Resources */ = {isa = PBXBuildFile; fileRef = 5E550A541D0B068300416FDB /* LaunchScreen.storyboard */; };
		5E550A611D0B068300416FDB /* MemeMeTests.swift in Sources */ = {isa = PBXBuildFile; fileRef = 5E550A601D0B068300416FDB /* MemeMeTests.swift */; };
		5E550A6C1D0B068300416FDB /* MemeMeUITests.swift in Sources */ = {isa = PBXBuildFile; fileRef = 5E550A6B1D0B068300416FDB /* MemeMeUITests.swift */; };
		5E550A7A1D0B075A00416FDB /* MemeStruct.swift in Sources */ = {isa = PBXBuildFile; fileRef = 5E550A791D0B075A00416FDB /* MemeStruct.swift */; };
		5E550A7D1D0B085600416FDB /* ufonts.com_impact-opentype.otf in Resources */ = {isa = PBXBuildFile; fileRef = 5E550A7C1D0B085600416FDB /* ufonts.com_impact-opentype.otf */; };
		5E550A7F1D0B0A1900416FDB /* SentMemesCollectionViewController.swift in Sources */ = {isa = PBXBuildFile; fileRef = 5E550A7E1D0B0A1900416FDB /* SentMemesCollectionViewController.swift */; };
		5E550A811D0B0A3400416FDB /* SentMemesTableViewController.swift in Sources */ = {isa = PBXBuildFile; fileRef = 5E550A801D0B0A3400416FDB /* SentMemesTableViewController.swift */; };
		5E550A831D0B436C00416FDB /* MemeDetailsViewController.swift in Sources */ = {isa = PBXBuildFile; fileRef = 5E550A821D0B436C00416FDB /* MemeDetailsViewController.swift */; };
		5E550A871D0B4E9600416FDB /* MemeCollectionViewCell.swift in Sources */ = {isa = PBXBuildFile; fileRef = 5E550A861D0B4E9600416FDB /* MemeCollectionViewCell.swift */; };
/* End PBXBuildFile section */

/* Begin PBXContainerItemProxy section */
		5E550A5D1D0B068300416FDB /* PBXContainerItemProxy */ = {
			isa = PBXContainerItemProxy;
			containerPortal = 5E550A401D0B068300416FDB /* Project object */;
			proxyType = 1;
			remoteGlobalIDString = 5E550A471D0B068300416FDB;
			remoteInfo = MemeMe;
		};
		5E550A681D0B068300416FDB /* PBXContainerItemProxy */ = {
			isa = PBXContainerItemProxy;
			containerPortal = 5E550A401D0B068300416FDB /* Project object */;
			proxyType = 1;
			remoteGlobalIDString = 5E550A471D0B068300416FDB;
			remoteInfo = MemeMe;
		};
/* End PBXContainerItemProxy section */

/* Begin PBXFileReference section */
		5E550A481D0B068300416FDB /* MemeMe.app */ = {isa = PBXFileReference; explicitFileType = wrapper.application; includeInIndex = 0; path = MemeMe.app; sourceTree = BUILT_PRODUCTS_DIR; };
		5E550A4B1D0B068300416FDB /* AppDelegate.swift */ = {isa = PBXFileReference; lastKnownFileType = sourcecode.swift; path = AppDelegate.swift; sourceTree = "<group>"; };
		5E550A4D1D0B068300416FDB /* MemeMeEditorViewController.swift */ = {isa = PBXFileReference; lastKnownFileType = sourcecode.swift; path = MemeMeEditorViewController.swift; sourceTree = "<group>"; };
		5E550A501D0B068300416FDB /* Base */ = {isa = PBXFileReference; lastKnownFileType = file.storyboard; name = Base; path = Base.lproj/Main.storyboard; sourceTree = "<group>"; };
		5E550A521D0B068300416FDB /* Assets.xcassets */ = {isa = PBXFileReference; lastKnownFileType = folder.assetcatalog; path = Assets.xcassets; sourceTree = "<group>"; };
		5E550A551D0B068300416FDB /* Base */ = {isa = PBXFileReference; lastKnownFileType = file.storyboard; name = Base; path = Base.lproj/LaunchScreen.storyboard; sourceTree = "<group>"; };
		5E550A571D0B068300416FDB /* Info.plist */ = {isa = PBXFileReference; lastKnownFileType = text.plist.xml; path = Info.plist; sourceTree = "<group>"; };
		5E550A5C1D0B068300416FDB /* MemeMeTests.xctest */ = {isa = PBXFileReference; explicitFileType = wrapper.cfbundle; includeInIndex = 0; path = MemeMeTests.xctest; sourceTree = BUILT_PRODUCTS_DIR; };
		5E550A601D0B068300416FDB /* MemeMeTests.swift */ = {isa = PBXFileReference; lastKnownFileType = sourcecode.swift; path = MemeMeTests.swift; sourceTree = "<group>"; };
		5E550A621D0B068300416FDB /* Info.plist */ = {isa = PBXFileReference; lastKnownFileType = text.plist.xml; path = Info.plist; sourceTree = "<group>"; };
		5E550A671D0B068300416FDB /* MemeMeUITests.xctest */ = {isa = PBXFileReference; explicitFileType = wrapper.cfbundle; includeInIndex = 0; path = MemeMeUITests.xctest; sourceTree = BUILT_PRODUCTS_DIR; };
		5E550A6B1D0B068300416FDB /* MemeMeUITests.swift */ = {isa = PBXFileReference; lastKnownFileType = sourcecode.swift; path = MemeMeUITests.swift; sourceTree = "<group>"; };
		5E550A6D1D0B068300416FDB /* Info.plist */ = {isa = PBXFileReference; lastKnownFileType = text.plist.xml; path = Info.plist; sourceTree = "<group>"; };
		5E550A791D0B075A00416FDB /* MemeStruct.swift */ = {isa = PBXFileReference; fileEncoding = 4; lastKnownFileType = sourcecode.swift; path = MemeStruct.swift; sourceTree = "<group>"; };
		5E550A7C1D0B085600416FDB /* ufonts.com_impact-opentype.otf */ = {isa = PBXFileReference; lastKnownFileType = file; path = "ufonts.com_impact-opentype.otf"; sourceTree = "<group>"; };
		5E550A7E1D0B0A1900416FDB /* SentMemesCollectionViewController.swift */ = {isa = PBXFileReference; fileEncoding = 4; lastKnownFileType = sourcecode.swift; path = SentMemesCollectionViewController.swift; sourceTree = "<group>"; };
		5E550A801D0B0A3400416FDB /* SentMemesTableViewController.swift */ = {isa = PBXFileReference; fileEncoding = 4; lastKnownFileType = sourcecode.swift; path = SentMemesTableViewController.swift; sourceTree = "<group>"; };
		5E550A821D0B436C00416FDB /* MemeDetailsViewController.swift */ = {isa = PBXFileReference; fileEncoding = 4; lastKnownFileType = sourcecode.swift; path = MemeDetailsViewController.swift; sourceTree = "<group>"; };
		5E550A861D0B4E9600416FDB /* MemeCollectionViewCell.swift */ = {isa = PBXFileReference; fileEncoding = 4; lastKnownFileType = sourcecode.swift; path = MemeCollectionViewCell.swift; sourceTree = "<group>"; };
/* End PBXFileReference section */

/* Begin PBXFrameworksBuildPhase section */
		5E550A451D0B068300416FDB /* Frameworks */ = {
			isa = PBXFrameworksBuildPhase;
			buildActionMask = 2147483647;
			files = (
			);
			runOnlyForDeploymentPostprocessing = 0;
		};
		5E550A591D0B068300416FDB /* Frameworks */ = {
			isa = PBXFrameworksBuildPhase;
			buildActionMask = 2147483647;
			files = (
			);
			runOnlyForDeploymentPostprocessing = 0;
		};
		5E550A641D0B068300416FDB /* Frameworks */ = {
			isa = PBXFrameworksBuildPhase;
			buildActionMask = 2147483647;
			files = (
			);
			runOnlyForDeploymentPostprocessing = 0;
		};
/* End PBXFrameworksBuildPhase section */

/* Begin PBXGroup section */
		5E550A3F1D0B068300416FDB = {
			isa = PBXGroup;
			children = (
				5E550A7B1D0B083F00416FDB /* Resources */,
				5E550A4A1D0B068300416FDB /* MemeMe */,
				5E550A5F1D0B068300416FDB /* MemeMeTests */,
				5E550A6A1D0B068300416FDB /* MemeMeUITests */,
				5E550A491D0B068300416FDB /* Products */,
			);
			sourceTree = "<group>";
		};
		5E550A491D0B068300416FDB /* Products */ = {
			isa = PBXGroup;
			children = (
				5E550A481D0B068300416FDB /* MemeMe.app */,
				5E550A5C1D0B068300416FDB /* MemeMeTests.xctest */,
				5E550A671D0B068300416FDB /* MemeMeUITests.xctest */,
			);
			name = Products;
			sourceTree = "<group>";
		};
		5E550A4A1D0B068300416FDB /* MemeMe */ = {
			isa = PBXGroup;
			children = (
				5E550A4B1D0B068300416FDB /* AppDelegate.swift */,
				5E550A791D0B075A00416FDB /* MemeStruct.swift */,
				5E550A4D1D0B068300416FDB /* MemeMeEditorViewController.swift */,
				5E550A801D0B0A3400416FDB /* SentMemesTableViewController.swift */,
				5E550A7E1D0B0A1900416FDB /* SentMemesCollectionViewController.swift */,
				5E550A821D0B436C00416FDB /* MemeDetailsViewController.swift */,
				5E550A861D0B4E9600416FDB /* MemeCollectionViewCell.swift */,
				5E550A4F1D0B068300416FDB /* Main.storyboard */,
				5E550A521D0B068300416FDB /* Assets.xcassets */,
				5E550A541D0B068300416FDB /* LaunchScreen.storyboard */,
				5E550A571D0B068300416FDB /* Info.plist */,
			);
			path = MemeMe;
			sourceTree = "<group>";
		};
		5E550A5F1D0B068300416FDB /* MemeMeTests */ = {
			isa = PBXGroup;
			children = (
				5E550A601D0B068300416FDB /* MemeMeTests.swift */,
				5E550A621D0B068300416FDB /* Info.plist */,
			);
			path = MemeMeTests;
			sourceTree = "<group>";
		};
		5E550A6A1D0B068300416FDB /* MemeMeUITests */ = {
			isa = PBXGroup;
			children = (
				5E550A6B1D0B068300416FDB /* MemeMeUITests.swift */,
				5E550A6D1D0B068300416FDB /* Info.plist */,
			);
			path = MemeMeUITests;
			sourceTree = "<group>";
		};
		5E550A7B1D0B083F00416FDB /* Resources */ = {
			isa = PBXGroup;
			children = (
				5E550A7C1D0B085600416FDB /* ufonts.com_impact-opentype.otf */,
			);
			name = Resources;
			sourceTree = "<group>";
		};
/* End PBXGroup section */

/* Begin PBXNativeTarget section */
		5E550A471D0B068300416FDB /* MemeMe */ = {
			isa = PBXNativeTarget;
			buildConfigurationList = 5E550A701D0B068300416FDB /* Build configuration list for PBXNativeTarget "MemeMe" */;
			buildPhases = (
				5E550A441D0B068300416FDB /* Sources */,
				5E550A451D0B068300416FDB /* Frameworks */,
				5E550A461D0B068300416FDB /* Resources */,
			);
			buildRules = (
			);
			dependencies = (
			);
			name = MemeMe;
			productName = MemeMe;
			productReference = 5E550A481D0B068300416FDB /* MemeMe.app */;
			productType = "com.apple.product-type.application";
		};
		5E550A5B1D0B068300416FDB /* MemeMeTests */ = {
			isa = PBXNativeTarget;
			buildConfigurationList = 5E550A731D0B068300416FDB /* Build configuration list for PBXNativeTarget "MemeMeTests" */;
			buildPhases = (
				5E550A581D0B068300416FDB /* Sources */,
				5E550A591D0B068300416FDB /* Frameworks */,
				5E550A5A1D0B068300416FDB /* Resources */,
			);
			buildRules = (
			);
			dependencies = (
				5E550A5E1D0B068300416FDB /* PBXTargetDependency */,
			);
			name = MemeMeTests;
			productName = MemeMeTests;
			productReference = 5E550A5C1D0B068300416FDB /* MemeMeTests.xctest */;
			productType = "com.apple.product-type.bundle.unit-test";
		};
		5E550A661D0B068300416FDB /* MemeMeUITests */ = {
			isa = PBXNativeTarget;
			buildConfigurationList = 5E550A761D0B068300416FDB /* Build configuration list for PBXNativeTarget "MemeMeUITests" */;
			buildPhases = (
				5E550A631D0B068300416FDB /* Sources */,
				5E550A641D0B068300416FDB /* Frameworks */,
				5E550A651D0B068300416FDB /* Resources */,
			);
			buildRules = (
			);
			dependencies = (
				5E550A691D0B068300416FDB /* PBXTargetDependency */,
			);
			name = MemeMeUITests;
			productName = MemeMeUITests;
			productReference = 5E550A671D0B068300416FDB /* MemeMeUITests.xctest */;
			productType = "com.apple.product-type.bundle.ui-testing";
		};
/* End PBXNativeTarget section */

/* Begin PBXProject section */
		5E550A401D0B068300416FDB /* Project object */ = {
			isa = PBXProject;
			attributes = {
				LastSwiftUpdateCheck = 0730;
				LastUpgradeCheck = 0820;
				ORGANIZATIONNAME = "Jess Gates";
				TargetAttributes = {
					5E550A471D0B068300416FDB = {
						CreatedOnToolsVersion = 7.3.1;
						DevelopmentTeam = 5ESW27HVH9;
						LastSwiftMigration = 0820;
					};
					5E550A5B1D0B068300416FDB = {
						CreatedOnToolsVersion = 7.3.1;
						DevelopmentTeam = 5ESW27HVH9;
						LastSwiftMigration = 0820;
						TestTargetID = 5E550A471D0B068300416FDB;
					};
					5E550A661D0B068300416FDB = {
						CreatedOnToolsVersion = 7.3.1;
						DevelopmentTeam = 5ESW27HVH9;
						LastSwiftMigration = 0820;
						TestTargetID = 5E550A471D0B068300416FDB;
					};
				};
			};
			buildConfigurationList = 5E550A431D0B068300416FDB /* Build configuration list for PBXProject "MemeMe" */;
			compatibilityVersion = "Xcode 3.2";
			developmentRegion = English;
			hasScannedForEncodings = 0;
			knownRegions = (
				en,
				Base,
			);
			mainGroup = 5E550A3F1D0B068300416FDB;
			productRefGroup = 5E550A491D0B068300416FDB /* Products */;
			projectDirPath = "";
			projectRoot = "";
			targets = (
				5E550A471D0B068300416FDB /* MemeMe */,
				5E550A5B1D0B068300416FDB /* MemeMeTests */,
				5E550A661D0B068300416FDB /* MemeMeUITests */,
			);
		};
/* End PBXProject section */

/* Begin PBXResourcesBuildPhase section */
		5E550A461D0B068300416FDB /* Resources */ = {
			isa = PBXResourcesBuildPhase;
			buildActionMask = 2147483647;
			files = (
				5E550A561D0B068300416FDB /* LaunchScreen.storyboard in Resources */,
				5E550A531D0B068300416FDB /* Assets.xcassets in Resources */,
				5E550A511D0B068300416FDB /* Main.storyboard in Resources */,
				5E550A7D1D0B085600416FDB /* ufonts.com_impact-opentype.otf in Resources */,
			);
			runOnlyForDeploymentPostprocessing = 0;
		};
		5E550A5A1D0B068300416FDB /* Resources */ = {
			isa = PBXResourcesBuildPhase;
			buildActionMask = 2147483647;
			files = (
			);
			runOnlyForDeploymentPostprocessing = 0;
		};
		5E550A651D0B068300416FDB /* Resources */ = {
			isa = PBXResourcesBuildPhase;
			buildActionMask = 2147483647;
			files = (
			);
			runOnlyForDeploymentPostprocessing = 0;
		};
/* End PBXResourcesBuildPhase section */

/* Begin PBXSourcesBuildPhase section */
		5E550A441D0B068300416FDB /* Sources */ = {
			isa = PBXSourcesBuildPhase;
			buildActionMask = 2147483647;
			files = (
				5E550A831D0B436C00416FDB /* MemeDetailsViewController.swift in Sources */,
				5E550A7F1D0B0A1900416FDB /* SentMemesCollectionViewController.swift in Sources */,
				5E550A4E1D0B068300416FDB /* MemeMeEditorViewController.swift in Sources */,
				5E550A7A1D0B075A00416FDB /* MemeStruct.swift in Sources */,
				5E550A871D0B4E9600416FDB /* MemeCollectionViewCell.swift in Sources */,
				5E550A811D0B0A3400416FDB /* SentMemesTableViewController.swift in Sources */,
				5E550A4C1D0B068300416FDB /* AppDelegate.swift in Sources */,
			);
			runOnlyForDeploymentPostprocessing = 0;
		};
		5E550A581D0B068300416FDB /* Sources */ = {
			isa = PBXSourcesBuildPhase;
			buildActionMask = 2147483647;
			files = (
				5E550A611D0B068300416FDB /* MemeMeTests.swift in Sources */,
			);
			runOnlyForDeploymentPostprocessing = 0;
		};
		5E550A631D0B068300416FDB /* Sources */ = {
			isa = PBXSourcesBuildPhase;
			buildActionMask = 2147483647;
			files = (
				5E550A6C1D0B068300416FDB /* MemeMeUITests.swift in Sources */,
			);
			runOnlyForDeploymentPostprocessing = 0;
		};
/* End PBXSourcesBuildPhase section */

/* Begin PBXTargetDependency section */
		5E550A5E1D0B068300416FDB /* PBXTargetDependency */ = {
			isa = PBXTargetDependency;
			target = 5E550A471D0B068300416FDB /* MemeMe */;
			targetProxy = 5E550A5D1D0B068300416FDB /* PBXContainerItemProxy */;
		};
		5E550A691D0B068300416FDB /* PBXTargetDependency */ = {
			isa = PBXTargetDependency;
			target = 5E550A471D0B068300416FDB /* MemeMe */;
			targetProxy = 5E550A681D0B068300416FDB /* PBXContainerItemProxy */;
		};
/* End PBXTargetDependency section */

/* Begin PBXVariantGroup section */
		5E550A4F1D0B068300416FDB /* Main.storyboard */ = {
			isa = PBXVariantGroup;
			children = (
				5E550A501D0B068300416FDB /* Base */,
			);
			name = Main.storyboard;
			sourceTree = "<group>";
		};
		5E550A541D0B068300416FDB /* LaunchScreen.storyboard */ = {
			isa = PBXVariantGroup;
			children = (
				5E550A551D0B068300416FDB /* Base */,
			);
			name = LaunchScreen.storyboard;
			sourceTree = "<group>";
		};
/* End PBXVariantGroup section */

/* Begin XCBuildConfiguration section */
		5E550A6E1D0B068300416FDB /* Debug */ = {
			isa = XCBuildConfiguration;
			buildSettings = {
				ALWAYS_SEARCH_USER_PATHS = NO;
				CLANG_ANALYZER_NONNULL = YES;
				CLANG_CXX_LANGUAGE_STANDARD = "gnu++0x";
				CLANG_CXX_LIBRARY = "libc++";
				CLANG_ENABLE_MODULES = YES;
				CLANG_ENABLE_OBJC_ARC = YES;
				CLANG_WARN_BOOL_CONVERSION = YES;
				CLANG_WARN_CONSTANT_CONVERSION = YES;
				CLANG_WARN_DIRECT_OBJC_ISA_USAGE = YES_ERROR;
				CLANG_WARN_EMPTY_BODY = YES;
				CLANG_WARN_ENUM_CONVERSION = YES;
				CLANG_WARN_INFINITE_RECURSION = YES;
				CLANG_WARN_INT_CONVERSION = YES;
				CLANG_WARN_OBJC_ROOT_CLASS = YES_ERROR;
				CLANG_WARN_SUSPICIOUS_MOVE = YES;
				CLANG_WARN_UNREACHABLE_CODE = YES;
				CLANG_WARN__DUPLICATE_METHOD_MATCH = YES;
				"CODE_SIGN_IDENTITY[sdk=iphoneos*]" = "iPhone Developer";
				COPY_PHASE_STRIP = NO;
				DEBUG_INFORMATION_FORMAT = dwarf;
				ENABLE_STRICT_OBJC_MSGSEND = YES;
				ENABLE_TESTABILITY = YES;
				GCC_C_LANGUAGE_STANDARD = gnu99;
				GCC_DYNAMIC_NO_PIC = NO;
				GCC_NO_COMMON_BLOCKS = YES;
				GCC_OPTIMIZATION_LEVEL = 0;
				GCC_PREPROCESSOR_DEFINITIONS = (
					"DEBUG=1",
					"$(inherited)",
				);
				GCC_WARN_64_TO_32_BIT_CONVERSION = YES;
				GCC_WARN_ABOUT_RETURN_TYPE = YES_ERROR;
				GCC_WARN_UNDECLARED_SELECTOR = YES;
				GCC_WARN_UNINITIALIZED_AUTOS = YES_AGGRESSIVE;
				GCC_WARN_UNUSED_FUNCTION = YES;
				GCC_WARN_UNUSED_VARIABLE = YES;
				IPHONEOS_DEPLOYMENT_TARGET = 9.3;
				MTL_ENABLE_DEBUG_INFO = YES;
				ONLY_ACTIVE_ARCH = YES;
				SDKROOT = iphoneos;
				SWIFT_OPTIMIZATION_LEVEL = "-Onone";
			};
			name = Debug;
		};
		5E550A6F1D0B068300416FDB /* Release */ = {
			isa = XCBuildConfiguration;
			buildSettings = {
				ALWAYS_SEARCH_USER_PATHS = NO;
				CLANG_ANALYZER_NONNULL = YES;
				CLANG_CXX_LANGUAGE_STANDARD = "gnu++0x";
				CLANG_CXX_LIBRARY = "libc++";
				CLANG_ENABLE_MODULES = YES;
				CLANG_ENABLE_OBJC_ARC = YES;
				CLANG_WARN_BOOL_CONVERSION = YES;
				CLANG_WARN_CONSTANT_CONVERSION = YES;
				CLANG_WARN_DIRECT_OBJC_ISA_USAGE = YES_ERROR;
				CLANG_WARN_EMPTY_BODY = YES;
				CLANG_WARN_ENUM_CONVERSION = YES;
				CLANG_WARN_INFINITE_RECURSION = YES;
				CLANG_WARN_INT_CONVERSION = YES;
				CLANG_WARN_OBJC_ROOT_CLASS = YES_ERROR;
				CLANG_WARN_SUSPICIOUS_MOVE = YES;
				CLANG_WARN_UNREACHABLE_CODE = YES;
				CLANG_WARN__DUPLICATE_METHOD_MATCH = YES;
				"CODE_SIGN_IDENTITY[sdk=iphoneos*]" = "iPhone Developer";
				COPY_PHASE_STRIP = NO;
				DEBUG_INFORMATION_FORMAT = "dwarf-with-dsym";
				ENABLE_NS_ASSERTIONS = NO;
				ENABLE_STRICT_OBJC_MSGSEND = YES;
				GCC_C_LANGUAGE_STANDARD = gnu99;
				GCC_NO_COMMON_BLOCKS = YES;
				GCC_WARN_64_TO_32_BIT_CONVERSION = YES;
				GCC_WARN_ABOUT_RETURN_TYPE = YES_ERROR;
				GCC_WARN_UNDECLARED_SELECTOR = YES;
				GCC_WARN_UNINITIALIZED_AUTOS = YES_AGGRESSIVE;
				GCC_WARN_UNUSED_FUNCTION = YES;
				GCC_WARN_UNUSED_VARIABLE = YES;
				IPHONEOS_DEPLOYMENT_TARGET = 9.3;
				MTL_ENABLE_DEBUG_INFO = NO;
				SDKROOT = iphoneos;
				SWIFT_OPTIMIZATION_LEVEL = "-Owholemodule";
				VALIDATE_PRODUCT = YES;
			};
			name = Release;
		};
		5E550A711D0B068300416FDB /* Debug */ = {
			isa = XCBuildConfiguration;
			buildSettings = {
				ASSETCATALOG_COMPILER_APPICON_NAME = AppIcon;
				INFOPLIST_FILE = MemeMe/Info.plist;
				LD_RUNPATH_SEARCH_PATHS = "$(inherited) @executable_path/Frameworks";
				PRODUCT_BUNDLE_IDENTIFIER = com.udacity.MemeMe;
				PRODUCT_NAME = "$(TARGET_NAME)";
				SWIFT_VERSION = 3.0;
			};
			name = Debug;
		};
		5E550A721D0B068300416FDB /* Release */ = {
			isa = XCBuildConfiguration;
			buildSettings = {
				ASSETCATALOG_COMPILER_APPICON_NAME = AppIcon;
				INFOPLIST_FILE = MemeMe/Info.plist;
				LD_RUNPATH_SEARCH_PATHS = "$(inherited) @executable_path/Frameworks";
				PRODUCT_BUNDLE_IDENTIFIER = com.udacity.MemeMe;
				PRODUCT_NAME = "$(TARGET_NAME)";
				SWIFT_VERSION = 3.0;
			};
			name = Release;
		};
		5E550A741D0B068300416FDB /* Debug */ = {
			isa = XCBuildConfiguration;
			buildSettings = {
				BUNDLE_LOADER = "$(TEST_HOST)";
				INFOPLIST_FILE = MemeMeTests/Info.plist;
				LD_RUNPATH_SEARCH_PATHS = "$(inherited) @executable_path/Frameworks @loader_path/Frameworks";
				PRODUCT_BUNDLE_IDENTIFIER = com.udacity.MemeMeTests;
				PRODUCT_NAME = "$(TARGET_NAME)";
				SWIFT_VERSION = 3.0;
				TEST_HOST = "$(BUILT_PRODUCTS_DIR)/MemeMe.app/MemeMe";
			};
			name = Debug;
		};
		5E550A751D0B068300416FDB /* Release */ = {
			isa = XCBuildConfiguration;
			buildSettings = {
				BUNDLE_LOADER = "$(TEST_HOST)";
				INFOPLIST_FILE = MemeMeTests/Info.plist;
				LD_RUNPATH_SEARCH_PATHS = "$(inherited) @executable_path/Frameworks @loader_path/Frameworks";
				PRODUCT_BUNDLE_IDENTIFIER = com.udacity.MemeMeTests;
				PRODUCT_NAME = "$(TARGET_NAME)";
				SWIFT_VERSION = 3.0;
				TEST_HOST = "$(BUILT_PRODUCTS_DIR)/MemeMe.app/MemeMe";
			};
			name = Release;
		};
		5E550A771D0B068300416FDB /* Debug */ = {
			isa = XCBuildConfiguration;
			buildSettings = {
				INFOPLIST_FILE = MemeMeUITests/Info.plist;
				LD_RUNPATH_SEARCH_PATHS = "$(inherited) @executable_path/Frameworks @loader_path/Frameworks";
				PRODUCT_BUNDLE_IDENTIFIER = com.udacity.MemeMeUITests;
				PRODUCT_NAME = "$(TARGET_NAME)";
				SWIFT_VERSION = 3.0;
				TEST_TARGET_NAME = MemeMe;
			};
			name = Debug;
		};
		5E550A781D0B068300416FDB /* Release */ = {
			isa = XCBuildConfiguration;
			buildSettings = {
				INFOPLIST_FILE = MemeMeUITests/Info.plist;
				LD_RUNPATH_SEARCH_PATHS = "$(inherited) @executable_path/Frameworks @loader_path/Frameworks";
				PRODUCT_BUNDLE_IDENTIFIER = com.udacity.MemeMeUITests;
				PRODUCT_NAME = "$(TARGET_NAME)";
				SWIFT_VERSION = 3.0;
				TEST_TARGET_NAME = MemeMe;
			};
			name = Release;
		};
/* End XCBuildConfiguration section */

/* Begin XCConfigurationList section */
		5E550A431D0B068300416FDB /* Build configuration list for PBXProject "MemeMe" */ = {
			isa = XCConfigurationList;
			buildConfigurations = (
				5E550A6E1D0B068300416FDB /* Debug */,
				5E550A6F1D0B068300416FDB /* Release */,
			);
			defaultConfigurationIsVisible = 0;
			defaultConfigurationName = Release;
		};
		5E550A701D0B068300416FDB /* Build configuration list for PBXNativeTarget "MemeMe" */ = {
			isa = XCConfigurationList;
			buildConfigurations = (
				5E550A711D0B068300416FDB /* Debug */,
				5E550A721D0B068300416FDB /* Release */,
			);
			defaultConfigurationIsVisible = 0;
			defaultConfigurationName = Release;
		};
		5E550A731D0B068300416FDB /* Build configuration list for PBXNativeTarget "MemeMeTests" */ = {
			isa = XCConfigurationList;
			buildConfigurations = (
				5E550A741D0B068300416FDB /* Debug */,
				5E550A751D0B068300416FDB /* Release */,
			);
			defaultConfigurationIsVisible = 0;
			defaultConfigurationName = Release;
		};
		5E550A761D0B068300416FDB /* Build configuration list for PBXNativeTarget "MemeMeUITests" */ = {
			isa = XCConfigurationList;
			buildConfigurations = (
				5E550A771D0B068300416FDB /* Debug */,
				5E550A781D0B068300416FDB /* Release */,
			);
			defaultConfigurationIsVisible = 0;
			defaultConfigurationName = Release;
		};
/* End XCConfigurationList section */
	};
	rootObject = 5E550A401D0B068300416FDB /* Project object */;
}
